
Microsoft Visual Studio Solution File, Format Version 12.00
# Visual Studio Version 17
VisualStudioVersion = 17.9.34622.214
MinimumVisualStudioVersion = 10.0.40219.1
Project("{9A19103F-16F7-4668-BE54-9A1E7A4F7556}") = "ProductStoreCSharp", "ProductStoreCSharp.csproj", "{498A4789-1DF8-450A-BCEC-80F9306BD166}"
EndProject
Global
	GlobalSection(SolutionConfigurationPlatforms) = preSolution
		Debug|Any CPU = Debug|Any CPU
		Release|Any CPU = Release|Any CPU
	EndGlobalSection
	GlobalSection(ProjectConfigurationPlatforms) = postSolution
		{498A4789-1DF8-450A-BCEC-80F9306BD166}.Debug|Any CPU.ActiveCfg = Debug|Any CPU
		{498A4789-1DF8-450A-BCEC-80F9306BD166}.Debug|Any CPU.Build.0 = Debug|Any CPU
		{498A4789-1DF8-450A-BCEC-80F9306BD166}.Release|Any CPU.ActiveCfg = Release|Any CPU
		{498A4789-1DF8-450A-BCEC-80F9306BD166}.Release|Any CPU.Build.0 = Release|Any CPU
	EndGlobalSection
	GlobalSection(SolutionProperties) = preSolution
		HideSolutionNode = FALSE
	EndGlobalSection
	GlobalSection(ExtensibilityGlobals) = postSolution
		SolutionGuid = {C320EFB2-C7F2-48D0-8F8C-0517FAB7D6A2}
	EndGlobalSection
EndGlobal
